# Generated by pub
# See https://dart.dev/tools/pub/glossary#lockfile
packages:
  archive:
    dependency: "direct main"
    description:
      name: archive
      url: "https://pub.flutter-io.cn"
    source: hosted
    version: "3.1.2"
  args:
    dependency: transitive
    description:
      name: args
      url: "https://pub.flutter-io.cn"
    source: hosted
    version: "2.0.0"
  async:
    dependency: transitive
    description:
      name: async
      url: "https://pub.flutter-io.cn"
    source: hosted
    version: "2.5.0"
  badges:
    dependency: "direct main"
    description:
      name: badges
      url: "https://pub.flutter-io.cn"
    source: hosted
    version: "1.2.0"
  battery:
    dependency: "direct main"
    description:
      name: battery
      url: "https://pub.flutter-io.cn"
    source: hosted
    version: "2.0.1"
  battery_platform_interface:
    dependency: transitive
    description:
      name: battery_platform_interface
      url: "https://pub.flutter-io.cn"
    source: hosted
    version: "2.0.1"
  boolean_selector:
    dependency: transitive
    description:
      name: boolean_selector
      url: "https://pub.flutter-io.cn"
    source: hosted
    version: "2.1.0"
  cached_network_image:
    dependency: "direct main"
    description:
      name: cached_network_image
      url: "https://pub.flutter-io.cn"
    source: hosted
    version: "3.0.0"
  characters:
    dependency: transitive
    description:
      name: characters
      url: "https://pub.flutter-io.cn"
    source: hosted
    version: "1.1.0"
  charcode:
    dependency: transitive
    description:
      name: charcode
      url: "https://pub.flutter-io.cn"
    source: hosted
    version: "1.2.0"
  chewie:
    dependency: transitive
    description:
      name: chewie
      url: "https://pub.flutter-io.cn"
    source: hosted
    version: "1.0.0"
  clock:
    dependency: transitive
    description:
      name: clock
      url: "https://pub.flutter-io.cn"
    source: hosted
    version: "1.1.0"
  code_editor:
    dependency: "direct main"
    description:
      path: "."
      ref: HEAD
      resolved-ref: "89b88ab6156138d04c2b7d2f79a4844bd51017f8"
      url: "https://github.com/hanerx/code_editor"
    source: git
    version: "1.0.1"
  collection:
    dependency: transitive
    description:
      name: collection
      url: "https://pub.flutter-io.cn"
    source: hosted
    version: "1.15.0"
  connectivity:
    dependency: "direct main"
    description:
      name: connectivity
      url: "https://pub.flutter-io.cn"
    source: hosted
    version: "3.0.3"
  connectivity_for_web:
    dependency: transitive
    description:
      name: connectivity_for_web
      url: "https://pub.flutter-io.cn"
    source: hosted
    version: "0.4.0"
  connectivity_macos:
    dependency: transitive
    description:
      name: connectivity_macos
      url: "https://pub.flutter-io.cn"
    source: hosted
    version: "0.2.0"
  connectivity_platform_interface:
    dependency: transitive
    description:
      name: connectivity_platform_interface
      url: "https://pub.flutter-io.cn"
    source: hosted
    version: "2.0.1"
  convert:
    dependency: transitive
    description:
      name: convert
      url: "https://pub.flutter-io.cn"
    source: hosted
    version: "3.0.0"
  crypto:
    dependency: transitive
    description:
      name: crypto
      url: "https://pub.flutter-io.cn"
    source: hosted
    version: "3.0.1"
  csslib:
    dependency: transitive
    description:
      name: csslib
      url: "https://pub.flutter-io.cn"
    source: hosted
    version: "0.17.0"
  cupertino_icons:
    dependency: "direct main"
    description:
      name: cupertino_icons
      url: "https://pub.flutter-io.cn"
    source: hosted
    version: "1.0.2"
  dio:
    dependency: "direct main"
    description:
      name: dio
      url: "https://pub.flutter-io.cn"
    source: hosted
    version: "4.0.0"
  dio_cache_interceptor:
    dependency: "direct main"
    description:
      name: dio_cache_interceptor
      url: "https://pub.flutter-io.cn"
    source: hosted
    version: "2.1.1"
  direct_select_flutter:
    dependency: "direct main"
    description:
      name: direct_select_flutter
      url: "https://pub.flutter-io.cn"
    source: hosted
    version: "1.1.0"
  fake_async:
    dependency: transitive
    description:
      name: fake_async
      url: "https://pub.flutter-io.cn"
    source: hosted
    version: "1.2.0"
  ffi:
    dependency: transitive
    description:
      name: ffi
      url: "https://pub.flutter-io.cn"
    source: hosted
    version: "1.0.0"
  file:
    dependency: transitive
    description:
      name: file
      url: "https://pub.flutter-io.cn"
    source: hosted
    version: "6.1.0"
  file_picker:
    dependency: "direct main"
    description:
      name: file_picker
      url: "https://pub.flutter-io.cn"
    source: hosted
    version: "3.0.1"
  firebase:
    dependency: transitive
    description:
      name: firebase
      url: "https://pub.flutter-io.cn"
    source: hosted
    version: "9.0.1"
  firebase_analytics:
    dependency: "direct main"
    description:
      name: firebase_analytics
      url: "https://pub.flutter-io.cn"
    source: hosted
    version: "8.0.0"
  firebase_analytics_platform_interface:
    dependency: transitive
    description:
      name: firebase_analytics_platform_interface
      url: "https://pub.flutter-io.cn"
    source: hosted
    version: "2.0.0"
  firebase_analytics_web:
    dependency: transitive
    description:
      name: firebase_analytics_web
      url: "https://pub.flutter-io.cn"
    source: hosted
    version: "0.3.0"
  firebase_auth:
    dependency: "direct main"
    description:
      name: firebase_auth
      url: "https://pub.flutter-io.cn"
    source: hosted
    version: "1.1.0"
  firebase_auth_platform_interface:
    dependency: transitive
    description:
      name: firebase_auth_platform_interface
      url: "https://pub.flutter-io.cn"
    source: hosted
    version: "4.1.0"
  firebase_auth_web:
    dependency: transitive
    description:
      name: firebase_auth_web
      url: "https://pub.flutter-io.cn"
    source: hosted
    version: "1.0.6"
  firebase_core:
    dependency: "direct main"
    description:
      name: firebase_core
      url: "https://pub.flutter-io.cn"
    source: hosted
    version: "1.0.4"
  firebase_core_platform_interface:
    dependency: transitive
    description:
      name: firebase_core_platform_interface
      url: "https://pub.flutter-io.cn"
    source: hosted
    version: "4.0.0"
  firebase_core_web:
    dependency: transitive
    description:
      name: firebase_core_web
      url: "https://pub.flutter-io.cn"
    source: hosted
    version: "1.0.2"
  firebase_crashlytics:
    dependency: "direct main"
    description:
      name: firebase_crashlytics
      url: "https://pub.flutter-io.cn"
    source: hosted
    version: "2.0.0"
  firebase_crashlytics_platform_interface:
    dependency: transitive
    description:
      name: firebase_crashlytics_platform_interface
      url: "https://pub.flutter-io.cn"
    source: hosted
    version: "3.0.0"
  flutter:
    dependency: "direct main"
    description: flutter
    source: sdk
    version: "0.0.0"
  flutter_archive:
    dependency: "direct main"
    description:
      name: flutter_archive
      url: "https://pub.flutter-io.cn"
    source: hosted
    version: "3.0.0"
  flutter_blurhash:
    dependency: transitive
    description:
      name: flutter_blurhash
      url: "https://pub.flutter-io.cn"
    source: hosted
    version: "0.6.0"
  flutter_cache_manager:
    dependency: "direct main"
    description:
      name: flutter_cache_manager
      url: "https://pub.flutter-io.cn"
    source: hosted
    version: "3.0.1"
  flutter_downloader:
    dependency: "direct main"
    description:
      name: flutter_downloader
      url: "https://pub.flutter-io.cn"
    source: hosted
    version: "1.6.0"
  flutter_easyloading:
    dependency: "direct main"
    description:
      name: flutter_easyloading
      url: "https://pub.flutter-io.cn"
    source: hosted
    version: "3.0.0"
  flutter_easyrefresh:
    dependency: "direct main"
    description:
      name: flutter_easyrefresh
      url: "https://pub.flutter-io.cn"
    source: hosted
    version: "2.2.1"
  flutter_highlight:
    dependency: transitive
    description:
      name: flutter_highlight
      url: "https://pub.flutter-io.cn"
    source: hosted
    version: "0.7.0"
  flutter_json_widget:
    dependency: "direct main"
    description:
      name: flutter_json_widget
      url: "https://pub.flutter-io.cn"
    source: hosted
    version: "1.0.2"
  flutter_localizations:
    dependency: "direct main"
    description: flutter
    source: sdk
    version: "0.0.0"
  flutter_page_indicator:
    dependency: transitive
    description:
      name: flutter_page_indicator
      url: "https://pub.flutter-io.cn"
    source: hosted
    version: "0.0.3"
  flutter_parallax:
    dependency: "direct main"
    description:
      name: flutter_parallax
      url: "https://pub.flutter-io.cn"
    source: hosted
    version: "0.1.2"
  flutter_plugin_android_lifecycle:
    dependency: transitive
    description:
      name: flutter_plugin_android_lifecycle
      url: "https://pub.flutter-io.cn"
    source: hosted
    version: "2.0.1"
  flutter_spinkit:
    dependency: "direct main"
    description:
      name: flutter_spinkit
      url: "https://pub.flutter-io.cn"
    source: hosted
    version: "5.0.0"
  flutter_svg:
    dependency: transitive
    description:
      name: flutter_svg
      url: "https://pub.flutter-io.cn"
    source: hosted
    version: "0.21.0+1"
  flutter_swiper:
    dependency: "direct main"
    description:
      name: flutter_swiper
      url: "https://pub.flutter-io.cn"
    source: hosted
    version: "1.1.6"
  flutter_test:
    dependency: "direct dev"
    description: flutter
    source: sdk
    version: "0.0.0"
  flutter_web_plugins:
    dependency: transitive
    description: flutter
    source: sdk
    version: "0.0.0"
  flutter_webview_plugin:
    dependency: "direct main"
    description:
      name: flutter_webview_plugin
      url: "https://pub.flutter-io.cn"
    source: hosted
    version: "0.3.11"
  flutter_widget_from_html:
    dependency: "direct main"
    description:
      name: flutter_widget_from_html
      url: "https://pub.flutter-io.cn"
    source: hosted
    version: "0.6.0"
  flutter_widget_from_html_core:
    dependency: transitive
    description:
      name: flutter_widget_from_html_core
      url: "https://pub.flutter-io.cn"
    source: hosted
    version: "0.6.0"
  fluttericon:
    dependency: "direct main"
    description:
      name: fluttericon
      url: "https://pub.flutter-io.cn"
    source: hosted
    version: "2.0.0"
  font_awesome_flutter:
    dependency: transitive
    description:
      name: font_awesome_flutter
      url: "https://pub.flutter-io.cn"
    source: hosted
    version: "8.12.0"
  fwfh_cached_network_image:
    dependency: transitive
    description:
      name: fwfh_cached_network_image
      url: "https://pub.flutter-io.cn"
    source: hosted
    version: "0.6.0"
  fwfh_chewie:
    dependency: transitive
    description:
      name: fwfh_chewie
      url: "https://pub.flutter-io.cn"
    source: hosted
    version: "0.6.0"
  fwfh_svg:
    dependency: transitive
    description:
      name: fwfh_svg
      url: "https://pub.flutter-io.cn"
    source: hosted
    version: "0.6.0"
  fwfh_url_launcher:
    dependency: transitive
    description:
      name: fwfh_url_launcher
      url: "https://pub.flutter-io.cn"
    source: hosted
    version: "0.6.0"
  fwfh_webview:
    dependency: transitive
    description:
      name: fwfh_webview
      url: "https://pub.flutter-io.cn"
    source: hosted
    version: "0.6.0"
  gbk2utf8:
    dependency: "direct main"
    description:
      name: gbk2utf8
      url: "https://pub.flutter-io.cn"
    source: hosted
    version: "1.0.1"
  highlight:
    dependency: transitive
    description:
      name: highlight
      url: "https://pub.flutter-io.cn"
    source: hosted
    version: "0.7.0"
  hive:
    dependency: transitive
    description:
      name: hive
      url: "https://pub.flutter-io.cn"
    source: hosted
    version: "2.0.3"
  html:
    dependency: transitive
    description:
      name: html
      url: "https://pub.flutter-io.cn"
    source: hosted
    version: "0.15.0"
  http:
    dependency: transitive
    description:
      name: http
      url: "https://pub.flutter-io.cn"
    source: hosted
    version: "0.13.1"
  http_parser:
    dependency: transitive
    description:
      name: http_parser
      url: "https://pub.flutter-io.cn"
    source: hosted
    version: "4.0.0"
  image:
    dependency: transitive
    description:
      name: image
      url: "https://pub.flutter-io.cn"
    source: hosted
    version: "3.0.2"
  intl:
    dependency: transitive
    description:
      name: intl
      url: "https://pub.flutter-io.cn"
    source: hosted
    version: "0.17.0"
  ipfs:
    dependency: "direct main"
    description:
      path: "."
      ref: HEAD
      resolved-ref: "5fa8b8b065abbcca4c51922050d44f6eb8a29d92"
      url: "https://github.com/hanerx/ipfs-dart.git"
    source: git
    version: "1.0.3"
  js:
    dependency: transitive
    description:
      name: js
      url: "https://pub.flutter-io.cn"
    source: hosted
    version: "0.6.3"
  logger:
    dependency: "direct main"
    description:
      name: logger
      url: "https://pub.flutter-io.cn"
    source: hosted
    version: "0.9.4"
  logger_flutter:
    dependency: "direct main"
    description:
      path: "."
      ref: HEAD
      resolved-ref: "3872e8d9261ec70663725aca24591ff9636a3861"
      url: "https://github.com/ewertonrp/logger_flutter.git"
    source: git
    version: "0.9.0"
  lpinyin:
    dependency: "direct main"
    description:
      name: lpinyin
      url: "https://pub.flutter-io.cn"
    source: hosted
    version: "2.0.1"
  markdown:
    dependency: transitive
    description:
      name: markdown
      url: "https://pub.flutter-io.cn"
    source: hosted
    version: "4.0.0"
  markdown_widget:
    dependency: "direct main"
    description:
      path: "."
      ref: HEAD
      resolved-ref: b3083513dc63cbc3eed491a8658f6038f6f4a1d2
      url: "https://github.com/asjqkkkk/markdown_widget"
    source: git
    version: "1.2.6-nullsafety"
  matcher:
    dependency: transitive
    description:
      name: matcher
      url: "https://pub.flutter-io.cn"
    source: hosted
    version: "0.12.10"
  meta:
    dependency: transitive
    description:
      name: meta
      url: "https://pub.flutter-io.cn"
    source: hosted
    version: "1.3.0"
  mime:
    dependency: transitive
    description:
      name: mime
      url: "https://pub.flutter-io.cn"
    source: hosted
    version: "1.0.0"
  moor:
    dependency: transitive
    description:
      name: moor
      url: "https://pub.flutter-io.cn"
    source: hosted
    version: "4.2.1"
  nested:
    dependency: transitive
    description:
      name: nested
      url: "https://pub.flutter-io.cn"
    source: hosted
    version: "1.0.0"
  octo_image:
    dependency: transitive
    description:
      name: octo_image
      url: "https://pub.flutter-io.cn"
    source: hosted
    version: "1.0.0+1"
  package_info:
    dependency: "direct main"
    description:
      name: package_info
      url: "https://pub.flutter-io.cn"
    source: hosted
    version: "2.0.0"
  path:
    dependency: transitive
    description:
      name: path
      url: "https://pub.flutter-io.cn"
    source: hosted
    version: "1.8.0"
  path_drawing:
    dependency: transitive
    description:
      name: path_drawing
      url: "https://pub.flutter-io.cn"
    source: hosted
    version: "0.5.0"
  path_parsing:
    dependency: transitive
    description:
      name: path_parsing
      url: "https://pub.flutter-io.cn"
    source: hosted
    version: "0.2.0"
  path_provider:
    dependency: "direct main"
    description:
      name: path_provider
      url: "https://pub.flutter-io.cn"
    source: hosted
    version: "2.0.1"
  path_provider_linux:
    dependency: transitive
    description:
      name: path_provider_linux
      url: "https://pub.flutter-io.cn"
    source: hosted
    version: "2.0.0"
  path_provider_macos:
    dependency: transitive
    description:
      name: path_provider_macos
      url: "https://pub.flutter-io.cn"
    source: hosted
    version: "2.0.0"
  path_provider_platform_interface:
    dependency: transitive
    description:
      name: path_provider_platform_interface
      url: "https://pub.flutter-io.cn"
    source: hosted
    version: "2.0.1"
  path_provider_windows:
    dependency: transitive
    description:
      name: path_provider_windows
      url: "https://pub.flutter-io.cn"
    source: hosted
    version: "2.0.0"
  pedantic:
    dependency: transitive
    description:
      name: pedantic
      url: "https://pub.flutter-io.cn"
    source: hosted
    version: "1.11.0"
  permission_handler:
    dependency: "direct main"
    description:
      name: permission_handler
      url: "https://pub.flutter-io.cn"
    source: hosted
    version: "6.1.3"
  permission_handler_platform_interface:
    dependency: transitive
    description:
      name: permission_handler_platform_interface
      url: "https://pub.flutter-io.cn"
    source: hosted
    version: "3.1.3"
  petitparser:
    dependency: transitive
    description:
      name: petitparser
      url: "https://pub.flutter-io.cn"
    source: hosted
    version: "4.1.0"
  platform:
    dependency: transitive
    description:
      name: platform
      url: "https://pub.flutter-io.cn"
    source: hosted
    version: "3.0.0"
  plugin_platform_interface:
    dependency: transitive
    description:
      name: plugin_platform_interface
      url: "https://pub.flutter-io.cn"
    source: hosted
    version: "2.0.0"
  pretty_json:
    dependency: "direct main"
    description:
      name: pretty_json
      url: "https://pub.flutter-io.cn"
    source: hosted
    version: "2.0.0"
  process:
    dependency: transitive
    description:
      name: process
      url: "https://pub.flutter-io.cn"
    source: hosted
    version: "4.2.1"
  provider:
    dependency: "direct main"
    description:
      name: provider
      url: "https://pub.flutter-io.cn"
    source: hosted
    version: "5.0.0"
  rect_getter:
    dependency: transitive
    description:
      name: rect_getter
      url: "https://pub.flutter-io.cn"
    source: hosted
    version: "1.0.0"
  rxdart:
    dependency: transitive
    description:
      name: rxdart
      url: "https://pub.flutter-io.cn"
    source: hosted
    version: "0.26.0"
  scrollable_positioned_list:
    dependency: transitive
    description:
      name: scrollable_positioned_list
      url: "https://pub.flutter-io.cn"
    source: hosted
    version: "0.2.0-nullsafety.0"
  sensors:
    dependency: transitive
    description:
      name: sensors
      url: "https://pub.flutter-io.cn"
    source: hosted
    version: "0.4.2+6"
  share:
    dependency: "direct main"
    description:
      name: share
      url: "https://pub.flutter-io.cn"
    source: hosted
    version: "2.0.1"
  sky_engine:
    dependency: transitive
    description: flutter
    source: sdk
    version: "0.0.99"
  source_span:
    dependency: transitive
    description:
      name: source_span
      url: "https://pub.flutter-io.cn"
    source: hosted
    version: "1.8.0"
  sqflite:
    dependency: "direct main"
    description:
      name: sqflite
      url: "https://pub.flutter-io.cn"
    source: hosted
    version: "2.0.0+3"
  sqflite_common:
    dependency: transitive
    description:
      name: sqflite_common
      url: "https://pub.flutter-io.cn"
    source: hosted
    version: "2.0.0+2"
  sqlite3:
    dependency: transitive
    description:
      name: sqlite3
      url: "https://pub.flutter-io.cn"
    source: hosted
    version: "1.0.0"
  sqlite3_flutter_libs:
    dependency: "direct main"
    description:
      name: sqlite3_flutter_libs
      url: "https://pub.flutter-io.cn"
    source: hosted
    version: "0.4.1"
  stack_trace:
    dependency: transitive
    description:
      name: stack_trace
      url: "https://pub.flutter-io.cn"
    source: hosted
    version: "1.10.0"
  stream_channel:
    dependency: transitive
    description:
      name: stream_channel
      url: "https://pub.flutter-io.cn"
    source: hosted
    version: "2.1.0"
  string_scanner:
    dependency: transitive
    description:
      name: string_scanner
      url: "https://pub.flutter-io.cn"
    source: hosted
    version: "1.1.0"
  synchronized:
    dependency: transitive
    description:
      name: synchronized
      url: "https://pub.flutter-io.cn"
    source: hosted
    version: "3.0.0"
  term_glyph:
    dependency: transitive
    description:
      name: term_glyph
      url: "https://pub.flutter-io.cn"
    source: hosted
    version: "1.2.0"
  test_api:
    dependency: transitive
    description:
      name: test_api
      url: "https://pub.flutter-io.cn"
    source: hosted
    version: "0.2.19"
  toast:
    dependency: "direct main"
    description:
      name: toast
      url: "https://pub.flutter-io.cn"
    source: hosted
    version: "0.1.5"
  transformer_page_view:
    dependency: transitive
    description:
      name: transformer_page_view
      url: "https://pub.flutter-io.cn"
    source: hosted
    version: "0.1.6"
  typed_data:
    dependency: transitive
    description:
      name: typed_data
      url: "https://pub.flutter-io.cn"
    source: hosted
    version: "1.3.0"
  uni_links:
    dependency: "direct main"
    description:
      name: uni_links
      url: "https://pub.flutter-io.cn"
    source: hosted
    version: "0.4.0"
  url_launcher:
    dependency: "direct main"
    description:
      name: url_launcher
      url: "https://pub.flutter-io.cn"
    source: hosted
    version: "6.0.3"
  url_launcher_linux:
    dependency: transitive
    description:
      name: url_launcher_linux
      url: "https://pub.flutter-io.cn"
    source: hosted
    version: "2.0.0"
  url_launcher_macos:
    dependency: transitive
    description:
      name: url_launcher_macos
      url: "https://pub.flutter-io.cn"
    source: hosted
    version: "2.0.0"
  url_launcher_platform_interface:
    dependency: transitive
    description:
      name: url_launcher_platform_interface
      url: "https://pub.flutter-io.cn"
    source: hosted
    version: "2.0.2"
  url_launcher_web:
    dependency: transitive
    description:
      name: url_launcher_web
      url: "https://pub.flutter-io.cn"
    source: hosted
    version: "2.0.0"
  url_launcher_windows:
    dependency: transitive
    description:
      name: url_launcher_windows
      url: "https://pub.flutter-io.cn"
    source: hosted
    version: "2.0.0"
  uuid:
    dependency: transitive
    description:
      name: uuid
      url: "https://pub.flutter-io.cn"
    source: hosted
    version: "3.0.4"
  vector_math:
    dependency: transitive
    description:
      name: vector_math
      url: "https://pub.flutter-io.cn"
    source: hosted
    version: "2.1.0"
  version:
    dependency: "direct main"
    description:
      name: version
      url: "https://pub.flutter-io.cn"
    source: hosted
    version: "2.0.0"
  video_player:
    dependency: transitive
    description:
      name: video_player
      url: "https://pub.flutter-io.cn"
    source: hosted
    version: "2.1.1"
  video_player_platform_interface:
    dependency: transitive
    description:
      name: video_player_platform_interface
      url: "https://pub.flutter-io.cn"
    source: hosted
    version: "4.1.0"
  video_player_web:
    dependency: transitive
    description:
      name: video_player_web
      url: "https://pub.flutter-io.cn"
    source: hosted
    version: "2.0.0"
  wakelock:
    dependency: transitive
    description:
      name: wakelock
      url: "https://pub.flutter-io.cn"
    source: hosted
    version: "0.4.0"
  wakelock_macos:
    dependency: transitive
    description:
      name: wakelock_macos
      url: "https://pub.flutter-io.cn"
    source: hosted
    version: "0.1.0"
  wakelock_platform_interface:
    dependency: transitive
    description:
      name: wakelock_platform_interface
      url: "https://pub.flutter-io.cn"
    source: hosted
    version: "0.2.0"
  wakelock_web:
    dependency: transitive
    description:
      name: wakelock_web
      url: "https://pub.flutter-io.cn"
    source: hosted
    version: "0.2.0"
  webview_flutter:
    dependency: transitive
    description:
      name: webview_flutter
      url: "https://pub.flutter-io.cn"
    source: hosted
    version: "2.0.4"
  win32:
    dependency: transitive
    description:
      name: win32
      url: "https://pub.flutter-io.cn"
    source: hosted
    version: "2.0.5"
  xdg_directories:
    dependency: transitive
    description:
      name: xdg_directories
      url: "https://pub.flutter-io.cn"
    source: hosted
    version: "0.2.0"
  xml:
    dependency: transitive
    description:
      name: xml
      url: "https://pub.flutter-io.cn"
    source: hosted
    version: "5.1.0"
  yin_drag_sacle:
    dependency: "direct main"
    description:
      name: yin_drag_sacle
      url: "https://pub.flutter-io.cn"
    source: hosted
    version: "0.0.2"
sdks:
  dart: ">=2.12.0 <3.0.0"
  flutter: ">=2.0.0"
